
Microsoft Visual Studio Solution File, Format Version 12.00
# Visual Studio 14
VisualStudioVersion = 14.0.24720.0
MinimumVisualStudioVersion = 10.0.40219.1
Project("{FAE04EC0-301F-11D3-BF4B-00C04F79EFBC}") = "CodeDOM Helper", "CodeDOM Helper\CodeDOM Helper.csproj", "{02F7CFB7-C327-43C6-9C60-CD3AC6DA971D}"
EndProject
Project("{FAE04EC0-301F-11D3-BF4B-00C04F79EFBC}") = "StartUp Project", "StartUp Project\StartUp Project.csproj", "{0928B506-BA2E-4AFD-9A2F-C5047328D33C}"
EndProject
Global
	GlobalSection(SolutionConfigurationPlatforms) = preSolution
		Debug|Any CPU = Debug|Any CPU
		Release|Any CPU = Release|Any CPU
	EndGlobalSection
	GlobalSection(ProjectConfigurationPlatforms) = postSolution
		{02F7CFB7-C327-43C6-9C60-CD3AC6DA971D}.Debug|Any CPU.ActiveCfg = Debug|Any CPU
		{02F7CFB7-C327-43C6-9C60-CD3AC6DA971D}.Debug|Any CPU.Build.0 = Debug|Any CPU
		{02F7CFB7-C327-43C6-9C60-CD3AC6DA971D}.Release|Any CPU.ActiveCfg = Release|Any CPU
		{02F7CFB7-C327-43C6-9C60-CD3AC6DA971D}.Release|Any CPU.Build.0 = Release|Any CPU
		{0928B506-BA2E-4AFD-9A2F-C5047328D33C}.Debug|Any CPU.ActiveCfg = Debug|Any CPU
		{0928B506-BA2E-4AFD-9A2F-C5047328D33C}.Debug|Any CPU.Build.0 = Debug|Any CPU
		{0928B506-BA2E-4AFD-9A2F-C5047328D33C}.Release|Any CPU.ActiveCfg = Release|Any CPU
		{0928B506-BA2E-4AFD-9A2F-C5047328D33C}.Release|Any CPU.Build.0 = Release|Any CPU
	EndGlobalSection
	GlobalSection(SolutionProperties) = preSolution
		HideSolutionNode = FALSE
	EndGlobalSection
EndGlobal
